
Microsoft Visual Studio Solution File, Format Version 11.00
# Visual Studio 2010
Project("{8BC9CEB8-8B4A-11D0-8D11-00A0C91BC942}") = "phong", "phong.vcxproj", "{D257AF29-9032-416F-ACDA-864D4F8C6F37}"
EndProject
Global
	GlobalSection(SolutionConfigurationPlatforms) = preSolution
		Debug|Win32 = Debug|Win32
		Release|Win32 = Release|Win32
	EndGlobalSection
	GlobalSection(ProjectConfigurationPlatforms) = postSolution
		{D257AF29-9032-416F-ACDA-864D4F8C6F37}.Debug|Win32.ActiveCfg = Debug|Win32
		{D257AF29-9032-416F-ACDA-864D4F8C6F37}.Debug|Win32.Build.0 = Debug|Win32
		{D257AF29-9032-416F-ACDA-864D4F8C6F37}.Release|Win32.ActiveCfg = Release|Win32
		{D257AF29-9032-416F-ACDA-864D4F8C6F37}.Release|Win32.Build.0 = Release|Win32
	EndGlobalSection
	GlobalSection(SolutionProperties) = preSolution
		HideSolutionNode = FALSE
	EndGlobalSection
EndGlobal
